// !$*UTF8*$!
{
	archiveVersion = 1;
	classes = {
	};
	objectVersion = 56;
	objects = {

/* Begin PBXBuildFile section */
		FA0043212959F02C00D1BFEE /* AppDelegate.swift in Sources */ = {isa = PBXBuildFile; fileRef = FA0043202959F02C00D1BFEE /* AppDelegate.swift */; };
		FA0043232959F02C00D1BFEE /* SceneDelegate.swift in Sources */ = {isa = PBXBuildFile; fileRef = FA0043222959F02C00D1BFEE /* SceneDelegate.swift */; };
		FA0043282959F02C00D1BFEE /* Main.storyboard in Resources */ = {isa = PBXBuildFile; fileRef = FA0043262959F02C00D1BFEE /* Main.storyboard */; };
		FA00432A2959F02E00D1BFEE /* Assets.xcassets in Resources */ = {isa = PBXBuildFile; fileRef = FA0043292959F02E00D1BFEE /* Assets.xcassets */; };
		FA00432D2959F02E00D1BFEE /* LaunchScreen.storyboard in Resources */ = {isa = PBXBuildFile; fileRef = FA00432B2959F02E00D1BFEE /* LaunchScreen.storyboard */; };
		FA1B1922295A082400109681 /* TodoVIPER.swift in Sources */ = {isa = PBXBuildFile; fileRef = FA1B1921295A082400109681 /* TodoVIPER.swift */; };
		FA1B1924295A3E9800109681 /* HomeViewController.swift in Sources */ = {isa = PBXBuildFile; fileRef = FA1B1923295A3E9800109681 /* HomeViewController.swift */; };
		FA1B1926295A3EB700109681 /* AddViewController.swift in Sources */ = {isa = PBXBuildFile; fileRef = FA1B1925295A3EB700109681 /* AddViewController.swift */; };
		FA1B1928295A3ECB00109681 /* DetailViewController.swift in Sources */ = {isa = PBXBuildFile; fileRef = FA1B1927295A3ECB00109681 /* DetailViewController.swift */; };
/* End PBXBuildFile section */

/* Begin PBXFileReference section */
		FA00431D2959F02C00D1BFEE /* PracticaVIPER.app */ = {isa = PBXFileReference; explicitFileType = wrapper.application; includeInIndex = 0; path = PracticaVIPER.app; sourceTree = BUILT_PRODUCTS_DIR; };
		FA0043202959F02C00D1BFEE /* AppDelegate.swift */ = {isa = PBXFileReference; lastKnownFileType = sourcecode.swift; path = AppDelegate.swift; sourceTree = "<group>"; };
		FA0043222959F02C00D1BFEE /* SceneDelegate.swift */ = {isa = PBXFileReference; lastKnownFileType = sourcecode.swift; path = SceneDelegate.swift; sourceTree = "<group>"; };
		FA0043272959F02C00D1BFEE /* Base */ = {isa = PBXFileReference; lastKnownFileType = file.storyboard; name = Base; path = Base.lproj/Main.storyboard; sourceTree = "<group>"; };
		FA0043292959F02E00D1BFEE /* Assets.xcassets */ = {isa = PBXFileReference; lastKnownFileType = folder.assetcatalog; path = Assets.xcassets; sourceTree = "<group>"; };
		FA00432C2959F02E00D1BFEE /* Base */ = {isa = PBXFileReference; lastKnownFileType = file.storyboard; name = Base; path = Base.lproj/LaunchScreen.storyboard; sourceTree = "<group>"; };
		FA00432E2959F02E00D1BFEE /* Info.plist */ = {isa = PBXFileReference; lastKnownFileType = text.plist.xml; path = Info.plist; sourceTree = "<group>"; };
		FA1B1921295A082400109681 /* TodoVIPER.swift */ = {isa = PBXFileReference; lastKnownFileType = sourcecode.swift; path = TodoVIPER.swift; sourceTree = "<group>"; };
		FA1B1923295A3E9800109681 /* HomeViewController.swift */ = {isa = PBXFileReference; lastKnownFileType = sourcecode.swift; path = HomeViewController.swift; sourceTree = "<group>"; };
		FA1B1925295A3EB700109681 /* AddViewController.swift */ = {isa = PBXFileReference; lastKnownFileType = sourcecode.swift; path = AddViewController.swift; sourceTree = "<group>"; };
		FA1B1927295A3ECB00109681 /* DetailViewController.swift */ = {isa = PBXFileReference; lastKnownFileType = sourcecode.swift; path = DetailViewController.swift; sourceTree = "<group>"; };
/* End PBXFileReference section */

/* Begin PBXFrameworksBuildPhase section */
		FA00431A2959F02C00D1BFEE /* Frameworks */ = {
			isa = PBXFrameworksBuildPhase;
			buildActionMask = 2147483647;
			files = (
			);
			runOnlyForDeploymentPostprocessing = 0;
		};
/* End PBXFrameworksBuildPhase section */

/* Begin PBXGroup section */
		FA0043142959F02C00D1BFEE = {
			isa = PBXGroup;
			children = (
				FA1B1921295A082400109681 /* TodoVIPER.swift */,
				FA00431F2959F02C00D1BFEE /* PracticaVIPER */,
				FA00431E2959F02C00D1BFEE /* Products */,
			);
			sourceTree = "<group>";
		};
		FA00431E2959F02C00D1BFEE /* Products */ = {
			isa = PBXGroup;
			children = (
				FA00431D2959F02C00D1BFEE /* PracticaVIPER.app */,
			);
			name = Products;
			sourceTree = "<group>";
		};
		FA00431F2959F02C00D1BFEE /* PracticaVIPER */ = {
			isa = PBXGroup;
			children = (
				FA0043202959F02C00D1BFEE /* AppDelegate.swift */,
				FA0043222959F02C00D1BFEE /* SceneDelegate.swift */,
				FA1B1923295A3E9800109681 /* HomeViewController.swift */,
				FA1B1925295A3EB700109681 /* AddViewController.swift */,
				FA1B1927295A3ECB00109681 /* DetailViewController.swift */,
				FA0043262959F02C00D1BFEE /* Main.storyboard */,
				FA0043292959F02E00D1BFEE /* Assets.xcassets */,
				FA00432B2959F02E00D1BFEE /* LaunchScreen.storyboard */,
				FA00432E2959F02E00D1BFEE /* Info.plist */,
			);
			path = PracticaVIPER;
			sourceTree = "<group>";
		};
/* End PBXGroup section */

/* Begin PBXNativeTarget section */
		FA00431C2959F02C00D1BFEE /* PracticaVIPER */ = {
			isa = PBXNativeTarget;
			buildConfigurationList = FA0043312959F02E00D1BFEE /* Build configuration list for PBXNativeTarget "PracticaVIPER" */;
			buildPhases = (
				FA0043192959F02C00D1BFEE /* Sources */,
				FA00431A2959F02C00D1BFEE /* Frameworks */,
				FA00431B2959F02C00D1BFEE /* Resources */,
			);
			buildRules = (
			);
			dependencies = (
			);
			name = PracticaVIPER;
			productName = PracticaVIPER;
			productReference = FA00431D2959F02C00D1BFEE /* PracticaVIPER.app */;
			productType = "com.apple.product-type.application";
		};
/* End PBXNativeTarget section */

/* Begin PBXProject section */
		FA0043152959F02C00D1BFEE /* Project object */ = {
			isa = PBXProject;
			attributes = {
				BuildIndependentTargetsInParallel = 1;
				LastSwiftUpdateCheck = 1410;
				LastUpgradeCheck = 1410;
				TargetAttributes = {
					FA00431C2959F02C00D1BFEE = {
						CreatedOnToolsVersion = 14.1;
					};
				};
			};
			buildConfigurationList = FA0043182959F02C00D1BFEE /* Build configuration list for PBXProject "PracticaVIPER" */;
			compatibilityVersion = "Xcode 14.0";
			developmentRegion = en;
			hasScannedForEncodings = 0;
			knownRegions = (
				en,
				Base,
			);
			mainGroup = FA0043142959F02C00D1BFEE;
			productRefGroup = FA00431E2959F02C00D1BFEE /* Products */;
			projectDirPath = "";
			projectRoot = "";
			targets = (
				FA00431C2959F02C00D1BFEE /* PracticaVIPER */,
			);
		};
/* End PBXProject section */

/* Begin PBXResourcesBuildPhase section */
		FA00431B2959F02C00D1BFEE /* Resources */ = {
			isa = PBXResourcesBuildPhase;
			buildActionMask = 2147483647;
			files = (
				FA00432D2959F02E00D1BFEE /* LaunchScreen.storyboard in Resources */,
				FA00432A2959F02E00D1BFEE /* Assets.xcassets in Resources */,
				FA0043282959F02C00D1BFEE /* Main.storyboard in Resources */,
			);
			runOnlyForDeploymentPostprocessing = 0;
		};
/* End PBXResourcesBuildPhase section */

/* Begin PBXSourcesBuildPhase section */
		FA0043192959F02C00D1BFEE /* Sources */ = {
			isa = PBXSourcesBuildPhase;
			buildActionMask = 2147483647;
			files = (
				FA1B1926295A3EB700109681 /* AddViewController.swift in Sources */,
				FA0043212959F02C00D1BFEE /* AppDelegate.swift in Sources */,
				FA1B1922295A082400109681 /* TodoVIPER.swift in Sources */,
				FA1B1928295A3ECB00109681 /* DetailViewController.swift in Sources */,
				FA0043232959F02C00D1BFEE /* SceneDelegate.swift in Sources */,
				FA1B1924295A3E9800109681 /* HomeViewController.swift in Sources */,
			);
			runOnlyForDeploymentPostprocessing = 0;
		};
/* End PBXSourcesBuildPhase section */

/* Begin PBXVariantGroup section */
		FA0043262959F02C00D1BFEE /* Main.storyboard */ = {
			isa = PBXVariantGroup;
			children = (
				FA0043272959F02C00D1BFEE /* Base */,
			);
			name = Main.storyboard;
			sourceTree = "<group>";
		};
		FA00432B2959F02E00D1BFEE /* LaunchScreen.storyboard */ = {
			isa = PBXVariantGroup;
			children = (
				FA00432C2959F02E00D1BFEE /* Base */,
			);
			name = LaunchScreen.storyboard;
			sourceTree = "<group>";
		};
/* End PBXVariantGroup section */

/* Begin XCBuildConfiguration section */
		FA00432F2959F02E00D1BFEE /* Debug */ = {
			isa = XCBuildConfiguration;
			buildSettings = {
				ALWAYS_SEARCH_USER_PATHS = NO;
				CLANG_ANALYZER_NONNULL = YES;
				CLANG_ANALYZER_NUMBER_OBJECT_CONVERSION = YES_AGGRESSIVE;
				CLANG_CXX_LANGUAGE_STANDARD = "gnu++20";
				CLANG_ENABLE_MODULES = YES;
				CLANG_ENABLE_OBJC_ARC = YES;
				CLANG_ENABLE_OBJC_WEAK = YES;
				CLANG_WARN_BLOCK_CAPTURE_AUTORELEASING = YES;
				CLANG_WARN_BOOL_CONVERSION = YES;
				CLANG_WARN_COMMA = YES;
				CLANG_WARN_CONSTANT_CONVERSION = YES;
				CLANG_WARN_DEPRECATED_OBJC_IMPLEMENTATIONS = YES;
				CLANG_WARN_DIRECT_OBJC_ISA_USAGE = YES_ERROR;
				CLANG_WARN_DOCUMENTATION_COMMENTS = YES;
				CLANG_WARN_EMPTY_BODY = YES;
				CLANG_WARN_ENUM_CONVERSION = YES;
				CLANG_WARN_INFINITE_RECURSION = YES;
				CLANG_WARN_INT_CONVERSION = YES;
				CLANG_WARN_NON_LITERAL_NULL_CONVERSION = YES;
				CLANG_WARN_OBJC_IMPLICIT_RETAIN_SELF = YES;
				CLANG_WARN_OBJC_LITERAL_CONVERSION = YES;
				CLANG_WARN_OBJC_ROOT_CLASS = YES_ERROR;
				CLANG_WARN_QUOTED_INCLUDE_IN_FRAMEWORK_HEADER = YES;
				CLANG_WARN_RANGE_LOOP_ANALYSIS = YES;
				CLANG_WARN_STRICT_PROTOTYPES = YES;
				CLANG_WARN_SUSPICIOUS_MOVE = YES;
				CLANG_WARN_UNGUARDED_AVAILABILITY = YES_AGGRESSIVE;
				CLANG_WARN_UNREACHABLE_CODE = YES;
				CLANG_WARN__DUPLICATE_METHOD_MATCH = YES;
				COPY_PHASE_STRIP = NO;
				DEBUG_INFORMATION_FORMAT = dwarf;
				ENABLE_STRICT_OBJC_MSGSEND = YES;
				ENABLE_TESTABILITY = YES;
				GCC_C_LANGUAGE_STANDARD = gnu11;
				GCC_DYNAMIC_NO_PIC = NO;
				GCC_NO_COMMON_BLOCKS = YES;
				GCC_OPTIMIZATION_LEVEL = 0;
				GCC_PREPROCESSOR_DEFINITIONS = (
					"DEBUG=1",
					"$(inherited)",
				);
				GCC_WARN_64_TO_32_BIT_CONVERSION = YES;
				GCC_WARN_ABOUT_RETURN_TYPE = YES_ERROR;
				GCC_WARN_UNDECLARED_SELECTOR = YES;
				GCC_WARN_UNINITIALIZED_AUTOS = YES_AGGRESSIVE;
				GCC_WARN_UNUSED_FUNCTION = YES;
				GCC_WARN_UNUSED_VARIABLE = YES;
				IPHONEOS_DEPLOYMENT_TARGET = 16.1;
				MTL_ENABLE_DEBUG_INFO = INCLUDE_SOURCE;
				MTL_FAST_MATH = YES;
				ONLY_ACTIVE_ARCH = YES;
				SDKROOT = iphoneos;
				SWIFT_ACTIVE_COMPILATION_CONDITIONS = DEBUG;
				SWIFT_OPTIMIZATION_LEVEL = "-Onone";
			};
			name = Debug;
		};
		FA0043302959F02E00D1BFEE /* Release */ = {
			isa = XCBuildConfiguration;
			buildSettings = {
				ALWAYS_SEARCH_USER_PATHS = NO;
				CLANG_ANALYZER_NONNULL = YES;
				CLANG_ANALYZER_NUMBER_OBJECT_CONVERSION = YES_AGGRESSIVE;
				CLANG_CXX_LANGUAGE_STANDARD = "gnu++20";
				CLANG_ENABLE_MODULES = YES;
				CLANG_ENABLE_OBJC_ARC = YES;
				CLANG_ENABLE_OBJC_WEAK = YES;
				CLANG_WARN_BLOCK_CAPTURE_AUTORELEASING = YES;
				CLANG_WARN_BOOL_CONVERSION = YES;
				CLANG_WARN_COMMA = YES;
				CLANG_WARN_CONSTANT_CONVERSION = YES;
				CLANG_WARN_DEPRECATED_OBJC_IMPLEMENTATIONS = YES;
				CLANG_WARN_DIRECT_OBJC_ISA_USAGE = YES_ERROR;
				CLANG_WARN_DOCUMENTATION_COMMENTS = YES;
				CLANG_WARN_EMPTY_BODY = YES;
				CLANG_WARN_ENUM_CONVERSION = YES;
				CLANG_WARN_INFINITE_RECURSION = YES;
				CLANG_WARN_INT_CONVERSION = YES;
				CLANG_WARN_NON_LITERAL_NULL_CONVERSION = YES;
				CLANG_WARN_OBJC_IMPLICIT_RETAIN_SELF = YES;
				CLANG_WARN_OBJC_LITERAL_CONVERSION = YES;
				CLANG_WARN_OBJC_ROOT_CLASS = YES_ERROR;
				CLANG_WARN_QUOTED_INCLUDE_IN_FRAMEWORK_HEADER = YES;
				CLANG_WARN_RANGE_LOOP_ANALYSIS = YES;
				CLANG_WARN_STRICT_PROTOTYPES = YES;
				CLANG_WARN_SUSPICIOUS_MOVE = YES;
				CLANG_WARN_UNGUARDED_AVAILABILITY = YES_AGGRESSIVE;
				CLANG_WARN_UNREACHABLE_CODE = YES;
				CLANG_WARN__DUPLICATE_METHOD_MATCH = YES;
				COPY_PHASE_STRIP = NO;
				DEBUG_INFORMATION_FORMAT = "dwarf-with-dsym";
				ENABLE_NS_ASSERTIONS = NO;
				ENABLE_STRICT_OBJC_MSGSEND = YES;
				GCC_C_LANGUAGE_STANDARD = gnu11;
				GCC_NO_COMMON_BLOCKS = YES;
				GCC_WARN_64_TO_32_BIT_CONVERSION = YES;
				GCC_WARN_ABOUT_RETURN_TYPE = YES_ERROR;
				GCC_WARN_UNDECLARED_SELECTOR = YES;
				GCC_WARN_UNINITIALIZED_AUTOS = YES_AGGRESSIVE;
				GCC_WARN_UNUSED_FUNCTION = YES;
				GCC_WARN_UNUSED_VARIABLE = YES;
				IPHONEOS_DEPLOYMENT_TARGET = 16.1;
				MTL_ENABLE_DEBUG_INFO = NO;
				MTL_FAST_MATH = YES;
				SDKROOT = iphoneos;
				SWIFT_COMPILATION_MODE = wholemodule;
				SWIFT_OPTIMIZATION_LEVEL = "-O";
				VALIDATE_PRODUCT = YES;
			};
			name = Release;
		};
		FA0043322959F02E00D1BFEE /* Debug */ = {
			isa = XCBuildConfiguration;
			buildSettings = {
				ASSETCATALOG_COMPILER_APPICON_NAME = AppIcon;
				ASSETCATALOG_COMPILER_GLOBAL_ACCENT_COLOR_NAME = AccentColor;
				CODE_SIGN_STYLE = Automatic;
				CURRENT_PROJECT_VERSION = 1;
				GENERATE_INFOPLIST_FILE = YES;
				INFOPLIST_FILE = PracticaVIPER/Info.plist;
				INFOPLIST_KEY_UIApplicationSupportsIndirectInputEvents = YES;
				INFOPLIST_KEY_UILaunchStoryboardName = LaunchScreen;
				INFOPLIST_KEY_UIMainStoryboardFile = Main;
				INFOPLIST_KEY_UISupportedInterfaceOrientations_iPad = "UIInterfaceOrientationPortrait UIInterfaceOrientationPortraitUpsideDown UIInterfaceOrientationLandscapeLeft UIInterfaceOrientationLandscapeRight";
				INFOPLIST_KEY_UISupportedInterfaceOrientations_iPhone = "UIInterfaceOrientationPortrait UIInterfaceOrientationLandscapeLeft UIInterfaceOrientationLandscapeRight";
				LD_RUNPATH_SEARCH_PATHS = (
					"$(inherited)",
					"@executable_path/Frameworks",
				);
				MARKETING_VERSION = 1.0;
				PRODUCT_BUNDLE_IDENTIFIER = com.PracticaVIPER;
				PRODUCT_NAME = "$(TARGET_NAME)";
				SWIFT_EMIT_LOC_STRINGS = YES;
				SWIFT_VERSION = 5.0;
				TARGETED_DEVICE_FAMILY = "1,2";
			};
			name = Debug;
		};
		FA0043332959F02E00D1BFEE /* Release */ = {
			isa = XCBuildConfiguration;
			buildSettings = {
				ASSETCATALOG_COMPILER_APPICON_NAME = AppIcon;
				ASSETCATALOG_COMPILER_GLOBAL_ACCENT_COLOR_NAME = AccentColor;
				CODE_SIGN_STYLE = Automatic;
				CURRENT_PROJECT_VERSION = 1;
				GENERATE_INFOPLIST_FILE = YES;
				INFOPLIST_FILE = PracticaVIPER/Info.plist;
				INFOPLIST_KEY_UIApplicationSupportsIndirectInputEvents = YES;
				INFOPLIST_KEY_UILaunchStoryboardName = LaunchScreen;
				INFOPLIST_KEY_UIMainStoryboardFile = Main;
				INFOPLIST_KEY_UISupportedInterfaceOrientations_iPad = "UIInterfaceOrientationPortrait UIInterfaceOrientationPortraitUpsideDown UIInterfaceOrientationLandscapeLeft UIInterfaceOrientationLandscapeRight";
				INFOPLIST_KEY_UISupportedInterfaceOrientations_iPhone = "UIInterfaceOrientationPortrait UIInterfaceOrientationLandscapeLeft UIInterfaceOrientationLandscapeRight";
				LD_RUNPATH_SEARCH_PATHS = (
					"$(inherited)",
					"@executable_path/Frameworks",
				);
				MARKETING_VERSION = 1.0;
				PRODUCT_BUNDLE_IDENTIFIER = com.PracticaVIPER;
				PRODUCT_NAME = "$(TARGET_NAME)";
				SWIFT_EMIT_LOC_STRINGS = YES;
				SWIFT_VERSION = 5.0;
				TARGETED_DEVICE_FAMILY = "1,2";
			};
			name = Release;
		};
/* End XCBuildConfiguration section */

/* Begin XCConfigurationList section */
		FA0043182959F02C00D1BFEE /* Build configuration list for PBXProject "PracticaVIPER" */ = {
			isa = XCConfigurationList;
			buildConfigurations = (
				FA00432F2959F02E00D1BFEE /* Debug */,
				FA0043302959F02E00D1BFEE /* Release */,
			);
			defaultConfigurationIsVisible = 0;
			defaultConfigurationName = Release;
		};
		FA0043312959F02E00D1BFEE /* Build configuration list for PBXNativeTarget "PracticaVIPER" */ = {
			isa = XCConfigurationList;
			buildConfigurations = (
				FA0043322959F02E00D1BFEE /* Debug */,
				FA0043332959F02E00D1BFEE /* Release */,
			);
			defaultConfigurationIsVisible = 0;
			defaultConfigurationName = Release;
		};
/* End XCConfigurationList section */
	};
	rootObject = FA0043152959F02C00D1BFEE /* Project object */;
}
